// !$*UTF8*$!
{
	archiveVersion = 1;
	classes = {
	};
	objectVersion = 77;
	objects = {

/* Begin PBXBuildFile section */
		8B2C34CB /* FirebaseAuth in Frameworks */ = {isa = PBXBuildFile; productRef = 8B2C34CA /* FirebaseAuth */; };
		8B9F750D2E0B4F3B0017D8B4 /* FirebaseAI in Frameworks */ = {isa = PBXBuildFile; productRef = 8B9F750C2E0B4F3B0017D8B4 /* FirebaseAI */; };
		8B9F750F2E0B4F3B0017D8B4 /* FirebaseAnalytics in Frameworks */ = {isa = PBXBuildFile; productRef = 8B9F750E2E0B4F3B0017D8B4 /* FirebaseAnalytics */; };
		8B9F75112E0B4F3B0017D8B4 /* FirebaseAnalyticsCore in Frameworks */ = {isa = PBXBuildFile; productRef = 8B9F75102E0B4F3B0017D8B4 /* FirebaseAnalyticsCore */; };
		8B9F75132E0B4F3B0017D8B4 /* FirebaseAnalyticsIdentitySupport in Frameworks */ = {isa = PBXBuildFile; productRef = 8B9F75122E0B4F3B0017D8B4 /* FirebaseAnalyticsIdentitySupport */; };
		8B9F75152E0B4F3B0017D8B4 /* FirebaseAnalyticsOnDeviceConversion in Frameworks */ = {isa = PBXBuildFile; productRef = 8B9F75142E0B4F3B0017D8B4 /* FirebaseAnalyticsOnDeviceConversion */; };
		8BEB1219 /* FirebaseFirestore in Frameworks */ = {isa = PBXBuildFile; productRef = 8BEB1218 /* FirebaseFirestore */; };
		8BFB4F8A /* FirebaseStorage in Frameworks */ = {isa = PBXBuildFile; productRef = 8BFB4F89 /* FirebaseStorage */; };
		BA0001 /* FavoritesTrackerApp.swift in Sources */ = {isa = PBXBuildFile; fileRef = BB0001 /* FavoritesTrackerApp.swift */; };
		BA0002 /* ContentView.swift in Sources */ = {isa = PBXBuildFile; fileRef = BB0002 /* ContentView.swift */; };
		BA0003 /* Assets.xcassets in Resources */ = {isa = PBXBuildFile; fileRef = BB0003 /* Assets.xcassets */; };
		BA0004 /* LaunchScreen.storyboard in Resources */ = {isa = PBXBuildFile; fileRef = BB0004 /* LaunchScreen.storyboard */; };
		BA0005 /* GoogleService-Info.plist in Resources */ = {isa = PBXBuildFile; fileRef = BB0005 /* GoogleService-Info.plist */; };
/* End PBXBuildFile section */

/* Begin PBXContainerItemProxy section */
		8B9F74C72E0B4CBC0017D8B4 /* PBXContainerItemProxy */ = {
			isa = PBXContainerItemProxy;
			containerPortal = BJ0001 /* Project object */;
			proxyType = 1;
			remoteGlobalIDString = BF0001;
			remoteInfo = FavoritesTracker;
		};
		8B9F74EE2E0B4CD60017D8B4 /* PBXContainerItemProxy */ = {
			isa = PBXContainerItemProxy;
			containerPortal = BJ0001 /* Project object */;
			proxyType = 1;
			remoteGlobalIDString = BF0001;
			remoteInfo = FavoritesTracker;
		};
/* End PBXContainerItemProxy section */

/* Begin PBXFileReference section */
		8B9F74C32E0B4CBC0017D8B4 /* FavoritesTrackerTests.xctest */ = {isa = PBXFileReference; explicitFileType = wrapper.cfbundle; includeInIndex = 0; path = FavoritesTrackerTests.xctest; sourceTree = BUILT_PRODUCTS_DIR; };
		8B9F74E82E0B4CD60017D8B4 /* FavoritesTrackerUITests.xctest */ = {isa = PBXFileReference; explicitFileType = wrapper.cfbundle; includeInIndex = 0; path = FavoritesTrackerUITests.xctest; sourceTree = BUILT_PRODUCTS_DIR; };
		BB0001 /* FavoritesTrackerApp.swift */ = {isa = PBXFileReference; lastKnownFileType = sourcecode.swift; path = FavoritesTrackerApp.swift; sourceTree = "<group>"; };
		BB0002 /* ContentView.swift */ = {isa = PBXFileReference; lastKnownFileType = sourcecode.swift; path = ContentView.swift; sourceTree = "<group>"; };
		BB0003 /* Assets.xcassets */ = {isa = PBXFileReference; lastKnownFileType = folder.assetcatalog; path = Assets.xcassets; sourceTree = "<group>"; };
		BB0004 /* LaunchScreen.storyboard */ = {isa = PBXFileReference; lastKnownFileType = file.storyboard; path = LaunchScreen.storyboard; sourceTree = "<group>"; };
		BB0005 /* GoogleService-Info.plist */ = {isa = PBXFileReference; fileEncoding = 4; lastKnownFileType = text.plist.xml; path = "GoogleService-Info.plist"; sourceTree = "<group>"; };
		BB0006 /* Info.plist */ = {isa = PBXFileReference; lastKnownFileType = text.plist.xml; path = Info.plist; sourceTree = "<group>"; };
		BC0001 /* FavoritesTracker.app */ = {isa = PBXFileReference; explicitFileType = wrapper.application; includeInIndex = 0; path = FavoritesTracker.app; sourceTree = BUILT_PRODUCTS_DIR; };
/* End PBXFileReference section */

/* Begin PBXFileSystemSynchronizedRootGroup section */
		8B9F74A62E0B4BCC0017D8B4 /* Core */ = {
			isa = PBXFileSystemSynchronizedRootGroup;
			path = Core;
			sourceTree = "<group>";
		};
		8B9F74AC2E0B4BCC0017D8B4 /* Data */ = {
			isa = PBXFileSystemSynchronizedRootGroup;
			path = Data;
			sourceTree = "<group>";
		};
		8B9F74B22E0B4BCC0017D8B4 /* Domain */ = {
			isa = PBXFileSystemSynchronizedRootGroup;
			path = Domain;
			sourceTree = "<group>";
		};
		8B9F74B72E0B4BCC0017D8B4 /* Presentation */ = {
			isa = PBXFileSystemSynchronizedRootGroup;
			path = Presentation;
			sourceTree = "<group>";
		};
		8B9F74C42E0B4CBC0017D8B4 /* FavoritesTrackerTests */ = {
			isa = PBXFileSystemSynchronizedRootGroup;
			path = FavoritesTrackerTests;
			sourceTree = "<group>";
		};
		8B9F74E92E0B4CD60017D8B4 /* FavoritesTrackerUITests */ = {
			isa = PBXFileSystemSynchronizedRootGroup;
			path = FavoritesTrackerUITests;
			sourceTree = "<group>";
		};
/* End PBXFileSystemSynchronizedRootGroup section */

/* Begin PBXFrameworksBuildPhase section */
		8B9F74C02E0B4CBC0017D8B4 /* Frameworks */ = {
			isa = PBXFrameworksBuildPhase;
			buildActionMask = 2147483647;
			files = (
			);
			runOnlyForDeploymentPostprocessing = 0;
		};
		8B9F74E52E0B4CD60017D8B4 /* Frameworks */ = {
			isa = PBXFrameworksBuildPhase;
			buildActionMask = 2147483647;
			files = (
			);
			runOnlyForDeploymentPostprocessing = 0;
		};
		BD0001 /* Frameworks */ = {
			isa = PBXFrameworksBuildPhase;
			buildActionMask = 2147483647;
			files = (
				8B9F75132E0B4F3B0017D8B4 /* FirebaseAnalyticsIdentitySupport in Frameworks */,
				8B9F750F2E0B4F3B0017D8B4 /* FirebaseAnalytics in Frameworks */,
				8B9F75152E0B4F3B0017D8B4 /* FirebaseAnalyticsOnDeviceConversion in Frameworks */,
				8B9F75112E0B4F3B0017D8B4 /* FirebaseAnalyticsCore in Frameworks */,
				8B9F750D2E0B4F3B0017D8B4 /* FirebaseAI in Frameworks */,
				8B2C34CB /* FirebaseAuth in Frameworks */,
				8BEB1219 /* FirebaseFirestore in Frameworks */,
				8BFB4F8A /* FirebaseStorage in Frameworks */,
			);
			runOnlyForDeploymentPostprocessing = 0;
		};
/* End PBXFrameworksBuildPhase section */

/* Begin PBXGroup section */
		BE0001 = {
			isa = PBXGroup;
			children = (
				BE0002 /* FavoritesTracker */,
				8B9F74C42E0B4CBC0017D8B4 /* FavoritesTrackerTests */,
				8B9F74E92E0B4CD60017D8B4 /* FavoritesTrackerUITests */,
				BE0003 /* Products */,
			);
			sourceTree = "<group>";
		};
		BE0002 /* FavoritesTracker */ = {
			isa = PBXGroup;
			children = (
				8B9F74A62E0B4BCC0017D8B4 /* Core */,
				8B9F74AC2E0B4BCC0017D8B4 /* Data */,
				8B9F74B22E0B4BCC0017D8B4 /* Domain */,
				8B9F74B72E0B4BCC0017D8B4 /* Presentation */,
				BB0001 /* FavoritesTrackerApp.swift */,
				BB0002 /* ContentView.swift */,
				BB0003 /* Assets.xcassets */,
				BB0004 /* LaunchScreen.storyboard */,
				BB0006 /* Info.plist */,
				BB0005 /* GoogleService-Info.plist */,
			);
			path = FavoritesTracker;
			sourceTree = "<group>";
		};
		BE0003 /* Products */ = {
			isa = PBXGroup;
			children = (
				BC0001 /* FavoritesTracker.app */,
				8B9F74C32E0B4CBC0017D8B4 /* FavoritesTrackerTests.xctest */,
				8B9F74E82E0B4CD60017D8B4 /* FavoritesTrackerUITests.xctest */,
			);
			name = Products;
			sourceTree = "<group>";
		};
/* End PBXGroup section */

/* Begin PBXNativeTarget section */
		8B9F74C22E0B4CBC0017D8B4 /* FavoritesTrackerTests */ = {
			isa = PBXNativeTarget;
			buildConfigurationList = 8B9F74C92E0B4CBC0017D8B4 /* Build configuration list for PBXNativeTarget "FavoritesTrackerTests" */;
			buildPhases = (
				8B9F74BF2E0B4CBC0017D8B4 /* Sources */,
				8B9F74C02E0B4CBC0017D8B4 /* Frameworks */,
				8B9F74C12E0B4CBC0017D8B4 /* Resources */,
			);
			buildRules = (
			);
			dependencies = (
				8B9F74C82E0B4CBC0017D8B4 /* PBXTargetDependency */,
			);
			fileSystemSynchronizedGroups = (
				8B9F74C42E0B4CBC0017D8B4 /* FavoritesTrackerTests */,
			);
			name = FavoritesTrackerTests;
			packageProductDependencies = (
			);
			productName = FavoritesTrackerTests;
			productReference = 8B9F74C32E0B4CBC0017D8B4 /* FavoritesTrackerTests.xctest */;
			productType = "com.apple.product-type.bundle.unit-test";
		};
		8B9F74E72E0B4CD60017D8B4 /* FavoritesTrackerUITests */ = {
			isa = PBXNativeTarget;
			buildConfigurationList = 8B9F74F02E0B4CD60017D8B4 /* Build configuration list for PBXNativeTarget "FavoritesTrackerUITests" */;
			buildPhases = (
				8B9F74E42E0B4CD60017D8B4 /* Sources */,
				8B9F74E52E0B4CD60017D8B4 /* Frameworks */,
				8B9F74E62E0B4CD60017D8B4 /* Resources */,
			);
			buildRules = (
			);
			dependencies = (
				8B9F74EF2E0B4CD60017D8B4 /* PBXTargetDependency */,
			);
			fileSystemSynchronizedGroups = (
				8B9F74E92E0B4CD60017D8B4 /* FavoritesTrackerUITests */,
			);
			name = FavoritesTrackerUITests;
			packageProductDependencies = (
			);
			productName = FavoritesTrackerUITests;
			productReference = 8B9F74E82E0B4CD60017D8B4 /* FavoritesTrackerUITests.xctest */;
			productType = "com.apple.product-type.bundle.ui-testing";
		};
		BF0001 /* FavoritesTracker */ = {
			isa = PBXNativeTarget;
			buildConfigurationList = BG0001 /* Build configuration list for PBXNativeTarget "FavoritesTracker" */;
			buildPhases = (
				BH0001 /* Sources */,
				BD0001 /* Frameworks */,
				BI0001 /* Resources */,
			);
			buildRules = (
			);
			dependencies = (
			);
			fileSystemSynchronizedGroups = (
				8B9F74A62E0B4BCC0017D8B4 /* Core */,
				8B9F74AC2E0B4BCC0017D8B4 /* Data */,
				8B9F74B22E0B4BCC0017D8B4 /* Domain */,
				8B9F74B72E0B4BCC0017D8B4 /* Presentation */,
			);
			name = FavoritesTracker;
			packageProductDependencies = (
				8B9F750C2E0B4F3B0017D8B4 /* FirebaseAI */,
				8B9F750E2E0B4F3B0017D8B4 /* FirebaseAnalytics */,
				8B9F75102E0B4F3B0017D8B4 /* FirebaseAnalyticsCore */,
				8B9F75122E0B4F3B0017D8B4 /* FirebaseAnalyticsIdentitySupport */,
				8B9F75142E0B4F3B0017D8B4 /* FirebaseAnalyticsOnDeviceConversion */,
				8B2C34CA /* FirebaseAuth */,
				8BEB1218 /* FirebaseFirestore */,
				8BFB4F89 /* FirebaseStorage */,
			);
			productName = FavoritesTracker;
			productReference = BC0001 /* FavoritesTracker.app */;
			productType = "com.apple.product-type.application";
		};
/* End PBXNativeTarget section */

/* Begin PBXProject section */
		BJ0001 /* Project object */ = {
			isa = PBXProject;
			attributes = {
				BuildIndependentTargetsInParallel = 1;
				LastSwiftUpdateCheck = 2600;
				LastUpgradeCheck = 1610;
				TargetAttributes = {
					8B9F74C22E0B4CBC0017D8B4 = {
						CreatedOnToolsVersion = 26.0;
						TestTargetID = BF0001;
					};
					8B9F74E72E0B4CD60017D8B4 = {
						CreatedOnToolsVersion = 26.0;
						TestTargetID = BF0001;
					};
					BF0001 = {
						CreatedOnToolsVersion = 16.1;
					};
				};
			};
			buildConfigurationList = BK0001 /* Build configuration list for PBXProject "FavoritesTracker" */;
			developmentRegion = en;
			hasScannedForEncodings = 0;
			knownRegions = (
				en,
				Base,
			);
			mainGroup = BE0001;
			packageReferences = (
				8B9F750B2E0B4F3B0017D8B4 /* XCRemoteSwiftPackageReference "firebase-ios-sdk" */,
			);
			preferredProjectObjectVersion = 77;
			productRefGroup = BE0003 /* Products */;
			projectDirPath = "";
			projectRoot = "";
			targets = (
				BF0001 /* FavoritesTracker */,
				8B9F74C22E0B4CBC0017D8B4 /* FavoritesTrackerTests */,
				8B9F74E72E0B4CD60017D8B4 /* FavoritesTrackerUITests */,
			);
		};
/* End PBXProject section */

/* Begin PBXResourcesBuildPhase section */
		8B9F74C12E0B4CBC0017D8B4 /* Resources */ = {
			isa = PBXResourcesBuildPhase;
			buildActionMask = 2147483647;
			files = (
			);
			runOnlyForDeploymentPostprocessing = 0;
		};
		8B9F74E62E0B4CD60017D8B4 /* Resources */ = {
			isa = PBXResourcesBuildPhase;
			buildActionMask = 2147483647;
			files = (
			);
			runOnlyForDeploymentPostprocessing = 0;
		};
		BI0001 /* Resources */ = {
			isa = PBXResourcesBuildPhase;
			buildActionMask = 2147483647;
			files = (
				BA0004 /* LaunchScreen.storyboard in Resources */,
				BA0003 /* Assets.xcassets in Resources */,
				BA0005 /* GoogleService-Info.plist in Resources */,
			);
			runOnlyForDeploymentPostprocessing = 0;
		};
/* End PBXResourcesBuildPhase section */

/* Begin PBXSourcesBuildPhase section */
		8B9F74BF2E0B4CBC0017D8B4 /* Sources */ = {
			isa = PBXSourcesBuildPhase;
			buildActionMask = 2147483647;
			files = (
			);
			runOnlyForDeploymentPostprocessing = 0;
		};
		8B9F74E42E0B4CD60017D8B4 /* Sources */ = {
			isa = PBXSourcesBuildPhase;
			buildActionMask = 2147483647;
			files = (
			);
			runOnlyForDeploymentPostprocessing = 0;
		};
		BH0001 /* Sources */ = {
			isa = PBXSourcesBuildPhase;
			buildActionMask = 2147483647;
			files = (
				BA0002 /* ContentView.swift in Sources */,
				BA0001 /* FavoritesTrackerApp.swift in Sources */,
			);
			runOnlyForDeploymentPostprocessing = 0;
		};
/* End PBXSourcesBuildPhase section */

/* Begin PBXTargetDependency section */
		8B9F74C82E0B4CBC0017D8B4 /* PBXTargetDependency */ = {
			isa = PBXTargetDependency;
			target = BF0001 /* FavoritesTracker */;
			targetProxy = 8B9F74C72E0B4CBC0017D8B4 /* PBXContainerItemProxy */;
		};
		8B9F74EF2E0B4CD60017D8B4 /* PBXTargetDependency */ = {
			isa = PBXTargetDependency;
			target = BF0001 /* FavoritesTracker */;
			targetProxy = 8B9F74EE2E0B4CD60017D8B4 /* PBXContainerItemProxy */;
		};
/* End PBXTargetDependency section */

/* Begin XCBuildConfiguration section */
		8B9F74CA2E0B4CBC0017D8B4 /* Debug */ = {
			isa = XCBuildConfiguration;
			buildSettings = {
				BUNDLE_LOADER = "$(TEST_HOST)";
				CODE_SIGN_STYLE = Automatic;
				CURRENT_PROJECT_VERSION = 1;
				DEVELOPMENT_TEAM = 6SJ6VN4HX6;
				GENERATE_INFOPLIST_FILE = YES;
				MARKETING_VERSION = 1.0;
				PRODUCT_BUNDLE_IDENTIFIER = com.pbs.FavoritesTrackerTests;
				PRODUCT_NAME = "$(TARGET_NAME)";
				STRING_CATALOG_GENERATE_SYMBOLS = NO;
				SWIFT_EMIT_LOC_STRINGS = NO;
				SWIFT_UPCOMING_FEATURE_MEMBER_IMPORT_VISIBILITY = YES;
				SWIFT_VERSION = 6.0;
				TARGETED_DEVICE_FAMILY = "1,2";
				TEST_HOST = "$(BUILT_PRODUCTS_DIR)/FavoritesTracker.app/$(BUNDLE_EXECUTABLE_FOLDER_PATH)/FavoritesTracker";
			};
			name = Debug;
		};
		8B9F74CB2E0B4CBC0017D8B4 /* Release */ = {
			isa = XCBuildConfiguration;
			buildSettings = {
				BUNDLE_LOADER = "$(TEST_HOST)";
				CODE_SIGN_STYLE = Automatic;
				CURRENT_PROJECT_VERSION = 1;
				DEVELOPMENT_TEAM = 6SJ6VN4HX6;
				GENERATE_INFOPLIST_FILE = YES;
				MARKETING_VERSION = 1.0;
				PRODUCT_BUNDLE_IDENTIFIER = com.pbs.FavoritesTrackerTests;
				PRODUCT_NAME = "$(TARGET_NAME)";
				STRING_CATALOG_GENERATE_SYMBOLS = NO;
				SWIFT_EMIT_LOC_STRINGS = NO;
				SWIFT_UPCOMING_FEATURE_MEMBER_IMPORT_VISIBILITY = YES;
				SWIFT_VERSION = 6.0;
				TARGETED_DEVICE_FAMILY = "1,2";
				TEST_HOST = "$(BUILT_PRODUCTS_DIR)/FavoritesTracker.app/$(BUNDLE_EXECUTABLE_FOLDER_PATH)/FavoritesTracker";
			};
			name = Release;
		};
		8B9F74F12E0B4CD60017D8B4 /* Debug */ = {
			isa = XCBuildConfiguration;
			buildSettings = {
				CODE_SIGN_STYLE = Automatic;
				CURRENT_PROJECT_VERSION = 1;
				DEVELOPMENT_TEAM = 6SJ6VN4HX6;
				GENERATE_INFOPLIST_FILE = YES;
				MARKETING_VERSION = 1.0;
				PRODUCT_BUNDLE_IDENTIFIER = com.pbs.FavoritesTrackerUITests;
				PRODUCT_NAME = "$(TARGET_NAME)";
				STRING_CATALOG_GENERATE_SYMBOLS = NO;
				SWIFT_EMIT_LOC_STRINGS = NO;
				SWIFT_UPCOMING_FEATURE_MEMBER_IMPORT_VISIBILITY = YES;
				SWIFT_VERSION = 6.0;
				TARGETED_DEVICE_FAMILY = "1,2";
				TEST_TARGET_NAME = FavoritesTracker;
			};
			name = Debug;
		};
		8B9F74F22E0B4CD60017D8B4 /* Release */ = {
			isa = XCBuildConfiguration;
			buildSettings = {
				CODE_SIGN_STYLE = Automatic;
				CURRENT_PROJECT_VERSION = 1;
				DEVELOPMENT_TEAM = 6SJ6VN4HX6;
				GENERATE_INFOPLIST_FILE = YES;
				MARKETING_VERSION = 1.0;
				PRODUCT_BUNDLE_IDENTIFIER = com.pbs.FavoritesTrackerUITests;
				PRODUCT_NAME = "$(TARGET_NAME)";
				STRING_CATALOG_GENERATE_SYMBOLS = NO;
				SWIFT_EMIT_LOC_STRINGS = NO;
				SWIFT_UPCOMING_FEATURE_MEMBER_IMPORT_VISIBILITY = YES;
				SWIFT_VERSION = 6.0;
				TARGETED_DEVICE_FAMILY = "1,2";
				TEST_TARGET_NAME = FavoritesTracker;
			};
			name = Release;
		};
		8BE754B7 /* Testing */ = {
			isa = XCBuildConfiguration;
			buildSettings = {
				BUNDLE_LOADER = "$(TEST_HOST)";
				CODE_SIGN_STYLE = Automatic;
				CURRENT_PROJECT_VERSION = 1;
				DEVELOPMENT_TEAM = 6SJ6VN4HX6;
				GENERATE_INFOPLIST_FILE = YES;
				MARKETING_VERSION = 1.0;
				PRODUCT_BUNDLE_IDENTIFIER = com.pbs.FavoritesTrackerTests;
				PRODUCT_NAME = "$(TARGET_NAME)";
				STRING_CATALOG_GENERATE_SYMBOLS = NO;
				SWIFT_ACTIVE_COMPILATION_CONDITIONS = "TESTING $(inherited)";
				SWIFT_EMIT_LOC_STRINGS = NO;
				SWIFT_UPCOMING_FEATURE_MEMBER_IMPORT_VISIBILITY = YES;
				SWIFT_VERSION = 6.0;
				TARGETED_DEVICE_FAMILY = "1,2";
				TEST_HOST = "$(BUILT_PRODUCTS_DIR)/FavoritesTracker.app/$(BUNDLE_EXECUTABLE_FOLDER_PATH)/FavoritesTracker";
			};
			name = Testing;
		};
		8BF745B4 /* Testing */ = {
			isa = XCBuildConfiguration;
			buildSettings = {
				CODE_SIGN_STYLE = Automatic;
				CURRENT_PROJECT_VERSION = 1;
				DEVELOPMENT_TEAM = 6SJ6VN4HX6;
				GENERATE_INFOPLIST_FILE = YES;
				MARKETING_VERSION = 1.0;
				PRODUCT_BUNDLE_IDENTIFIER = com.pbs.FavoritesTrackerUITests;
				PRODUCT_NAME = "$(TARGET_NAME)";
				STRING_CATALOG_GENERATE_SYMBOLS = NO;
				SWIFT_ACTIVE_COMPILATION_CONDITIONS = "TESTING $(inherited)";
				SWIFT_EMIT_LOC_STRINGS = NO;
				SWIFT_UPCOMING_FEATURE_MEMBER_IMPORT_VISIBILITY = YES;
				SWIFT_VERSION = 6.0;
				TARGETED_DEVICE_FAMILY = "1,2";
				TEST_TARGET_NAME = FavoritesTracker;
			};
			name = Testing;
		};
		BL0001 /* Debug */ = {
			isa = XCBuildConfiguration;
			buildSettings = {
				ASSETCATALOG_COMPILER_APPICON_NAME = AppIcon;
				ASSETCATALOG_COMPILER_GLOBAL_ACCENT_COLOR_NAME = AccentColor;
				CODE_SIGN_STYLE = Automatic;
				CURRENT_PROJECT_VERSION = 1;
				DEVELOPMENT_TEAM = 6SJ6VN4HX6;
				ENABLE_PREVIEWS = YES;
				GENERATE_INFOPLIST_FILE = NO;
				INFOPLIST_FILE = FavoritesTracker/Info.plist;
				INFOPLIST_KEY_UIApplicationSceneManifest_Generation = YES;
				INFOPLIST_KEY_UIApplicationSupportsIndirectInputEvents = YES;
				INFOPLIST_KEY_UILaunchScreen_Generation = NO;
				INFOPLIST_KEY_UILaunchStoryboardName = LaunchScreen;
				INFOPLIST_KEY_UISupportedInterfaceOrientations = "UIInterfaceOrientationPortrait UIInterfaceOrientationLandscapeLeft UIInterfaceOrientationLandscapeRight";
				INFOPLIST_KEY_UISupportedInterfaceOrientations_iPad = "UIInterfaceOrientationPortrait UIInterfaceOrientationPortraitUpsideDown UIInterfaceOrientationLandscapeLeft UIInterfaceOrientationLandscapeRight";
				IPHONEOS_DEPLOYMENT_TARGET = 18.5;
				LD_RUNPATH_SEARCH_PATHS = (
					"$(inherited)",
					"@executable_path/Frameworks",
				);
				MARKETING_VERSION = 1.0;
				PRODUCT_BUNDLE_IDENTIFIER = com.favoritestracker.app;
				PRODUCT_NAME = "$(TARGET_NAME)";
				SWIFT_EMIT_LOC_STRINGS = YES;
				SWIFT_VERSION = 6.0;
				TARGETED_DEVICE_FAMILY = "1,2";
			};
			name = Debug;
		};
		BL0002 /* Release */ = {
			isa = XCBuildConfiguration;
			buildSettings = {
				ASSETCATALOG_COMPILER_APPICON_NAME = AppIcon;
				ASSETCATALOG_COMPILER_GLOBAL_ACCENT_COLOR_NAME = AccentColor;
				CODE_SIGN_STYLE = Automatic;
				CURRENT_PROJECT_VERSION = 1;
				DEVELOPMENT_TEAM = 6SJ6VN4HX6;
				ENABLE_PREVIEWS = YES;
				GENERATE_INFOPLIST_FILE = NO;
				INFOPLIST_FILE = FavoritesTracker/Info.plist;
				INFOPLIST_KEY_UIApplicationSceneManifest_Generation = YES;
				INFOPLIST_KEY_UIApplicationSupportsIndirectInputEvents = YES;
				INFOPLIST_KEY_UILaunchScreen_Generation = NO;
				INFOPLIST_KEY_UILaunchStoryboardName = LaunchScreen;
				INFOPLIST_KEY_UISupportedInterfaceOrientations = "UIInterfaceOrientationPortrait UIInterfaceOrientationLandscapeLeft UIInterfaceOrientationLandscapeRight";
				INFOPLIST_KEY_UISupportedInterfaceOrientations_iPad = "UIInterfaceOrientationPortrait UIInterfaceOrientationPortraitUpsideDown UIInterfaceOrientationLandscapeLeft UIInterfaceOrientationLandscapeRight";
				IPHONEOS_DEPLOYMENT_TARGET = 18.5;
				LD_RUNPATH_SEARCH_PATHS = (
					"$(inherited)",
					"@executable_path/Frameworks",
				);
				MARKETING_VERSION = 1.0;
				PRODUCT_BUNDLE_IDENTIFIER = com.favoritestracker.app;
				PRODUCT_NAME = "$(TARGET_NAME)";
				SWIFT_EMIT_LOC_STRINGS = YES;
				SWIFT_VERSION = 6.0;
				TARGETED_DEVICE_FAMILY = "1,2";
			};
			name = Release;
		};
		BL0003 /* Debug */ = {
			isa = XCBuildConfiguration;
			buildSettings = {
				ALWAYS_SEARCH_USER_PATHS = NO;
				ASSETCATALOG_COMPILER_GENERATE_SWIFT_ASSET_SYMBOL_EXTENSIONS = YES;
				CLANG_ANALYZER_NONNULL = YES;
				CLANG_ANALYZER_NUMBER_OBJECT_CONVERSION = YES_AGGRESSIVE;
				CLANG_CXX_LANGUAGE_STANDARD = "gnu++20";
				CLANG_ENABLE_MODULES = YES;
				CLANG_ENABLE_OBJC_ARC = YES;
				CLANG_ENABLE_OBJC_WEAK = YES;
				CLANG_WARN_BLOCK_CAPTURE_AUTORELEASING = YES;
				CLANG_WARN_BOOL_CONVERSION = YES;
				CLANG_WARN_COMMA = YES;
				CLANG_WARN_CONSTANT_CONVERSION = YES;
				CLANG_WARN_DEPRECATED_OBJC_IMPLEMENTATIONS = YES;
				CLANG_WARN_DIRECT_OBJC_ISA_USAGE = YES_ERROR;
				CLANG_WARN_DOCUMENTATION_COMMENTS = YES;
				CLANG_WARN_EMPTY_BODY = YES;
				CLANG_WARN_ENUM_CONVERSION = YES;
				CLANG_WARN_INFINITE_RECURSION = YES;
				CLANG_WARN_INT_CONVERSION = YES;
				CLANG_WARN_NON_LITERAL_NULL_CONVERSION = YES;
				CLANG_WARN_OBJC_IMPLICIT_RETAIN_SELF = YES;
				CLANG_WARN_OBJC_LITERAL_CONVERSION = YES;
				CLANG_WARN_OBJC_ROOT_CLASS = YES_ERROR;
				CLANG_WARN_QUOTED_INCLUDE_IN_FRAMEWORK_HEADER = YES;
				CLANG_WARN_RANGE_LOOP_ANALYSIS = YES;
				CLANG_WARN_STRICT_PROTOTYPES = YES;
				CLANG_WARN_SUSPICIOUS_MOVE = YES;
				CLANG_WARN_UNGUARDED_AVAILABILITY = YES_AGGRESSIVE;
				CLANG_WARN_UNREACHABLE_CODE = YES;
				CLANG_WARN__DUPLICATE_METHOD_MATCH = YES;
				COPY_PHASE_STRIP = NO;
				DEBUG_INFORMATION_FORMAT = dwarf;
				ENABLE_STRICT_OBJC_MSGSEND = YES;
				ENABLE_TESTABILITY = YES;
				ENABLE_USER_SCRIPT_SANDBOXING = YES;
				GCC_C_LANGUAGE_STANDARD = gnu17;
				GCC_DYNAMIC_NO_PIC = NO;
				GCC_NO_COMMON_BLOCKS = YES;
				GCC_OPTIMIZATION_LEVEL = 0;
				GCC_PREPROCESSOR_DEFINITIONS = (
					"DEBUG=1",
					"$(inherited)",
				);
				GCC_WARN_64_TO_32_BIT_CONVERSION = YES;
				GCC_WARN_ABOUT_RETURN_TYPE = YES_ERROR;
				GCC_WARN_UNDECLARED_SELECTOR = YES;
				GCC_WARN_UNINITIALIZED_AUTOS = YES_AGGRESSIVE;
				GCC_WARN_UNUSED_FUNCTION = YES;
				GCC_WARN_UNUSED_VARIABLE = YES;
				IPHONEOS_DEPLOYMENT_TARGET = 26.0;
				LOCALIZATION_PREFERS_STRING_CATALOGS = YES;
				MTL_ENABLE_DEBUG_INFO = INCLUDE_SOURCE;
				MTL_FAST_MATH = YES;
				ONLY_ACTIVE_ARCH = YES;
				SDKROOT = iphoneos;
				SWIFT_ACTIVE_COMPILATION_CONDITIONS = "DEBUG $(inherited)";
				SWIFT_OPTIMIZATION_LEVEL = "-Onone";
			};
			name = Debug;
		};
		BL0004 /* Release */ = {
			isa = XCBuildConfiguration;
			buildSettings = {
				ALWAYS_SEARCH_USER_PATHS = NO;
				ASSETCATALOG_COMPILER_GENERATE_SWIFT_ASSET_SYMBOL_EXTENSIONS = YES;
				CLANG_ANALYZER_NONNULL = YES;
				CLANG_ANALYZER_NUMBER_OBJECT_CONVERSION = YES_AGGRESSIVE;
				CLANG_CXX_LANGUAGE_STANDARD = "gnu++20";
				CLANG_ENABLE_MODULES = YES;
				CLANG_ENABLE_OBJC_ARC = YES;
				CLANG_ENABLE_OBJC_WEAK = YES;
				CLANG_WARN_BLOCK_CAPTURE_AUTORELEASING = YES;
				CLANG_WARN_BOOL_CONVERSION = YES;
				CLANG_WARN_COMMA = YES;
				CLANG_WARN_CONSTANT_CONVERSION = YES;
				CLANG_WARN_DEPRECATED_OBJC_IMPLEMENTATIONS = YES;
				CLANG_WARN_DIRECT_OBJC_ISA_USAGE = YES_ERROR;
				CLANG_WARN_DOCUMENTATION_COMMENTS = YES;
				CLANG_WARN_EMPTY_BODY = YES;
				CLANG_WARN_ENUM_CONVERSION = YES;
				CLANG_WARN_INFINITE_RECURSION = YES;
				CLANG_WARN_INT_CONVERSION = YES;
				CLANG_WARN_NON_LITERAL_NULL_CONVERSION = YES;
				CLANG_WARN_OBJC_IMPLICIT_RETAIN_SELF = YES;
				CLANG_WARN_OBJC_LITERAL_CONVERSION = YES;
				CLANG_WARN_OBJC_ROOT_CLASS = YES_ERROR;
				CLANG_WARN_QUOTED_INCLUDE_IN_FRAMEWORK_HEADER = YES;
				CLANG_WARN_RANGE_LOOP_ANALYSIS = YES;
				CLANG_WARN_STRICT_PROTOTYPES = YES;
				CLANG_WARN_SUSPICIOUS_MOVE = YES;
				CLANG_WARN_UNGUARDED_AVAILABILITY = YES_AGGRESSIVE;
				CLANG_WARN_UNREACHABLE_CODE = YES;
				CLANG_WARN__DUPLICATE_METHOD_MATCH = YES;
				COPY_PHASE_STRIP = NO;
				DEBUG_INFORMATION_FORMAT = "dwarf-with-dsym";
				ENABLE_NS_ASSERTIONS = NO;
				ENABLE_STRICT_OBJC_MSGSEND = YES;
				ENABLE_USER_SCRIPT_SANDBOXING = YES;
				GCC_C_LANGUAGE_STANDARD = gnu17;
				GCC_NO_COMMON_BLOCKS = YES;
				GCC_WARN_64_TO_32_BIT_CONVERSION = YES;
				GCC_WARN_ABOUT_RETURN_TYPE = YES_ERROR;
				GCC_WARN_UNDECLARED_SELECTOR = YES;
				GCC_WARN_UNINITIALIZED_AUTOS = YES_AGGRESSIVE;
				GCC_WARN_UNUSED_FUNCTION = YES;
				GCC_WARN_UNUSED_VARIABLE = YES;
				IPHONEOS_DEPLOYMENT_TARGET = 26.0;
				LOCALIZATION_PREFERS_STRING_CATALOGS = YES;
				MTL_ENABLE_DEBUG_INFO = NO;
				MTL_FAST_MATH = YES;
				SDKROOT = iphoneos;
				SWIFT_COMPILATION_MODE = wholemodule;
				VALIDATE_PRODUCT = YES;
			};
			name = Release;
		};
		BL9EC2 /* Testing */ = {
			isa = XCBuildConfiguration;
			buildSettings = {
				ALWAYS_SEARCH_USER_PATHS = NO;
				ASSETCATALOG_COMPILER_GENERATE_SWIFT_ASSET_SYMBOL_EXTENSIONS = YES;
				CLANG_ANALYZER_NONNULL = YES;
				CLANG_ANALYZER_NUMBER_OBJECT_CONVERSION = YES_AGGRESSIVE;
				CLANG_CXX_LANGUAGE_STANDARD = "gnu++20";
				CLANG_ENABLE_MODULES = YES;
				CLANG_ENABLE_OBJC_ARC = YES;
				CLANG_ENABLE_OBJC_WEAK = YES;
				CLANG_WARN_BLOCK_CAPTURE_AUTORELEASING = YES;
				CLANG_WARN_BOOL_CONVERSION = YES;
				CLANG_WARN_COMMA = YES;
				CLANG_WARN_CONSTANT_CONVERSION = YES;
				CLANG_WARN_DEPRECATED_OBJC_IMPLEMENTATIONS = YES;
				CLANG_WARN_DIRECT_OBJC_ISA_USAGE = YES_ERROR;
				CLANG_WARN_DOCUMENTATION_COMMENTS = YES;
				CLANG_WARN_EMPTY_BODY = YES;
				CLANG_WARN_ENUM_CONVERSION = YES;
				CLANG_WARN_INFINITE_RECURSION = YES;
				CLANG_WARN_INT_CONVERSION = YES;
				CLANG_WARN_NON_LITERAL_NULL_CONVERSION = YES;
				CLANG_WARN_OBJC_IMPLICIT_RETAIN_SELF = YES;
				CLANG_WARN_OBJC_LITERAL_CONVERSION = YES;
				CLANG_WARN_OBJC_ROOT_CLASS = YES_ERROR;
				CLANG_WARN_QUOTED_INCLUDE_IN_FRAMEWORK_HEADER = YES;
				CLANG_WARN_RANGE_LOOP_ANALYSIS = YES;
				CLANG_WARN_STRICT_PROTOTYPES = YES;
				CLANG_WARN_SUSPICIOUS_MOVE = YES;
				CLANG_WARN_UNGUARDED_AVAILABILITY = YES_AGGRESSIVE;
				CLANG_WARN_UNREACHABLE_CODE = YES;
				CLANG_WARN__DUPLICATE_METHOD_MATCH = YES;
				COPY_PHASE_STRIP = NO;
				DEBUG_INFORMATION_FORMAT = dwarf;
				ENABLE_STRICT_OBJC_MSGSEND = YES;
				ENABLE_TESTABILITY = YES;
				ENABLE_USER_SCRIPT_SANDBOXING = YES;
				GCC_C_LANGUAGE_STANDARD = gnu17;
				GCC_DYNAMIC_NO_PIC = NO;
				GCC_NO_COMMON_BLOCKS = YES;
				GCC_OPTIMIZATION_LEVEL = 0;
				GCC_PREPROCESSOR_DEFINITIONS = (
					"TESTING=1",
					"$(inherited)",
				);
				GCC_WARN_64_TO_32_BIT_CONVERSION = YES;
				GCC_WARN_ABOUT_RETURN_TYPE = YES_ERROR;
				GCC_WARN_UNDECLARED_SELECTOR = YES;
				GCC_WARN_UNINITIALIZED_AUTOS = YES_AGGRESSIVE;
				GCC_WARN_UNUSED_FUNCTION = YES;
				GCC_WARN_UNUSED_VARIABLE = YES;
				IPHONEOS_DEPLOYMENT_TARGET = 26.0;
				LOCALIZATION_PREFERS_STRING_CATALOGS = YES;
				MTL_ENABLE_DEBUG_INFO = INCLUDE_SOURCE;
				MTL_FAST_MATH = YES;
				ONLY_ACTIVE_ARCH = YES;
				SDKROOT = iphoneos;
				SWIFT_ACTIVE_COMPILATION_CONDITIONS = "TESTING $(inherited)";
				SWIFT_OPTIMIZATION_LEVEL = "-Onone";
			};
			name = Testing;
		};
		BLC3A2 /* Testing */ = {
			isa = XCBuildConfiguration;
			buildSettings = {
				ASSETCATALOG_COMPILER_APPICON_NAME = AppIcon;
				ASSETCATALOG_COMPILER_GLOBAL_ACCENT_COLOR_NAME = AccentColor;
				CODE_SIGN_STYLE = Automatic;
				CURRENT_PROJECT_VERSION = 1;
				DEVELOPMENT_TEAM = 6SJ6VN4HX6;
				ENABLE_PREVIEWS = YES;
				GENERATE_INFOPLIST_FILE = NO;
				INFOPLIST_FILE = FavoritesTracker/Info.plist;
				INFOPLIST_KEY_UIApplicationSceneManifest_Generation = YES;
				INFOPLIST_KEY_UIApplicationSupportsIndirectInputEvents = YES;
				INFOPLIST_KEY_UILaunchScreen_Generation = NO;
				INFOPLIST_KEY_UILaunchStoryboardName = LaunchScreen;
				INFOPLIST_KEY_UISupportedInterfaceOrientations = "UIInterfaceOrientationPortrait UIInterfaceOrientationLandscapeLeft UIInterfaceOrientationLandscapeRight";
				INFOPLIST_KEY_UISupportedInterfaceOrientations_iPad = "UIInterfaceOrientationPortrait UIInterfaceOrientationPortraitUpsideDown UIInterfaceOrientationLandscapeLeft UIInterfaceOrientationLandscapeRight";
				IPHONEOS_DEPLOYMENT_TARGET = 26.0;
				LD_RUNPATH_SEARCH_PATHS = (
					"$(inherited)",
					"@executable_path/Frameworks",
				);
				MARKETING_VERSION = 1.0;
				PRODUCT_BUNDLE_IDENTIFIER = com.favoritestracker.app.testing;
				PRODUCT_NAME = "$(TARGET_NAME)";
				SWIFT_ACTIVE_COMPILATION_CONDITIONS = "TESTING $(inherited)";
				SWIFT_EMIT_LOC_STRINGS = YES;
				SWIFT_VERSION = 6.0;
				TARGETED_DEVICE_FAMILY = "1,2";
			};
			name = Testing;
		};
/* End XCBuildConfiguration section */

/* Begin XCConfigurationList section */
		8B9F74C92E0B4CBC0017D8B4 /* Build configuration list for PBXNativeTarget "FavoritesTrackerTests" */ = {
			isa = XCConfigurationList;
			buildConfigurations = (
				8B9F74CA2E0B4CBC0017D8B4 /* Debug */,
				8B9F74CB2E0B4CBC0017D8B4 /* Release */,
				8BE754B7 /* Testing */,
			);
			defaultConfigurationIsVisible = 0;
			defaultConfigurationName = Release;
		};
		8B9F74F02E0B4CD60017D8B4 /* Build configuration list for PBXNativeTarget "FavoritesTrackerUITests" */ = {
			isa = XCConfigurationList;
			buildConfigurations = (
				8B9F74F12E0B4CD60017D8B4 /* Debug */,
				8B9F74F22E0B4CD60017D8B4 /* Release */,
				8BF745B4 /* Testing */,
			);
			defaultConfigurationIsVisible = 0;
			defaultConfigurationName = Release;
		};
		BG0001 /* Build configuration list for PBXNativeTarget "FavoritesTracker" */ = {
			isa = XCConfigurationList;
			buildConfigurations = (
				BL0001 /* Debug */,
				BL0002 /* Release */,
				BLC3A2 /* Testing */,
			);
			defaultConfigurationIsVisible = 0;
			defaultConfigurationName = Release;
		};
		BK0001 /* Build configuration list for PBXProject "FavoritesTracker" */ = {
			isa = XCConfigurationList;
			buildConfigurations = (
				BL0003 /* Debug */,
				BL0004 /* Release */,
				BL9EC2 /* Testing */,
			);
			defaultConfigurationIsVisible = 0;
			defaultConfigurationName = Release;
		};
/* End XCConfigurationList section */

/* Begin XCRemoteSwiftPackageReference section */
		8B9F750B2E0B4F3B0017D8B4 /* XCRemoteSwiftPackageReference "firebase-ios-sdk" */ = {
			isa = XCRemoteSwiftPackageReference;
			repositoryURL = "https://github.com/firebase/firebase-ios-sdk";
			requirement = {
				kind = upToNextMajorVersion;
				minimumVersion = 11.15.0;
			};
		};
/* End XCRemoteSwiftPackageReference section */

/* Begin XCSwiftPackageProductDependency section */
		8B2C34CA /* FirebaseAuth */ = {
			isa = XCSwiftPackageProductDependency;
			package = 8B9F750B2E0B4F3B0017D8B4 /* XCRemoteSwiftPackageReference "firebase-ios-sdk" */;
			productName = FirebaseAuth;
		};
		8B9F750C2E0B4F3B0017D8B4 /* FirebaseAI */ = {
			isa = XCSwiftPackageProductDependency;
			package = 8B9F750B2E0B4F3B0017D8B4 /* XCRemoteSwiftPackageReference "firebase-ios-sdk" */;
			productName = FirebaseAI;
		};
		8B9F750E2E0B4F3B0017D8B4 /* FirebaseAnalytics */ = {
			isa = XCSwiftPackageProductDependency;
			package = 8B9F750B2E0B4F3B0017D8B4 /* XCRemoteSwiftPackageReference "firebase-ios-sdk" */;
			productName = FirebaseAnalytics;
		};
		8B9F75102E0B4F3B0017D8B4 /* FirebaseAnalyticsCore */ = {
			isa = XCSwiftPackageProductDependency;
			package = 8B9F750B2E0B4F3B0017D8B4 /* XCRemoteSwiftPackageReference "firebase-ios-sdk" */;
			productName = FirebaseAnalyticsCore;
		};
		8B9F75122E0B4F3B0017D8B4 /* FirebaseAnalyticsIdentitySupport */ = {
			isa = XCSwiftPackageProductDependency;
			package = 8B9F750B2E0B4F3B0017D8B4 /* XCRemoteSwiftPackageReference "firebase-ios-sdk" */;
			productName = FirebaseAnalyticsIdentitySupport;
		};
		8B9F75142E0B4F3B0017D8B4 /* FirebaseAnalyticsOnDeviceConversion */ = {
			isa = XCSwiftPackageProductDependency;
			package = 8B9F750B2E0B4F3B0017D8B4 /* XCRemoteSwiftPackageReference "firebase-ios-sdk" */;
			productName = FirebaseAnalyticsOnDeviceConversion;
		};
		8BEB1218 /* FirebaseFirestore */ = {
			isa = XCSwiftPackageProductDependency;
			package = 8B9F750B2E0B4F3B0017D8B4 /* XCRemoteSwiftPackageReference "firebase-ios-sdk" */;
			productName = FirebaseFirestore;
		};
		8BFB4F89 /* FirebaseStorage */ = {
			isa = XCSwiftPackageProductDependency;
			package = 8B9F750B2E0B4F3B0017D8B4 /* XCRemoteSwiftPackageReference "firebase-ios-sdk" */;
			productName = FirebaseStorage;
		};
/* End XCSwiftPackageProductDependency section */
	};
	rootObject = BJ0001 /* Project object */;
}
